{
  "nodes": {
    "nixpkgs": {
      "locked": {
        "lastModified": 1679282725,
        "narHash": "sha256-EV0u5ynvCuZJdLUTmjw0luWxWEwhho4kuOkYAJ66w/E=",
        "owner": "nixos",
        "repo": "nixpkgs",
        "rev": "f714696302c2f33845282628db523580af05be70",
        "type": "github"
      },
      "original": {
        "owner": "nixos",
        "ref": "nixpkgs-22.11-darwin",
        "repo": "nixpkgs",
        "type": "github"
      }
    },
    "root": {
      "inputs": {
        "nixpkgs": "nixpkgs"
      }
    }
  },
  "root": "root",
  "version": 7
}
